// !$*UTF8*$!
{
	archiveVersion = 1;
	classes = {
	};
	objectVersion = 45;
	objects = {

/* Begin PBXFileReference section */
		4C6B20F514FF7552003875DE /* omd-parameter */ = {isa = PBXFileReference; fileEncoding = 4; lastKnownFileType = text; path = "omd-parameter"; sourceTree = "<group>"; };
		4C760EFC1497E522002C9E27 /* compiler-list */ = {isa = PBXFileReference; fileEncoding = 4; lastKnownFileType = text; name = "compiler-list"; path = "../compiler-list"; sourceTree = SOURCE_ROOT; };
		4C760EFD1497E522002C9E27 /* config.make */ = {isa = PBXFileReference; fileEncoding = 4; lastKnownFileType = text; name = config.make; path = ../config.make; sourceTree = SOURCE_ROOT; };
		4C760EFE1497E522002C9E27 /* install.sh */ = {isa = PBXFileReference; fileEncoding = 4; lastKnownFileType = text.script.sh; name = install.sh; path = ../install.sh; sourceTree = SOURCE_ROOT; };
		4C760EFF1497E522002C9E27 /* ISSUE */ = {isa = PBXFileReference; fileEncoding = 4; lastKnownFileType = text; name = ISSUE; path = ../ISSUE; sourceTree = SOURCE_ROOT; };
		4C760F001497E522002C9E27 /* license.txt */ = {isa = PBXFileReference; fileEncoding = 4; lastKnownFileType = text; name = license.txt; path = ../license.txt; sourceTree = SOURCE_ROOT; };
		4C760F011497E522002C9E27 /* Makefile */ = {isa = PBXFileReference; fileEncoding = 4; lastKnownFileType = sourcecode.make; name = Makefile; path = ../Makefile; sourceTree = SOURCE_ROOT; };
		4C760F021497E522002C9E27 /* select-compiler */ = {isa = PBXFileReference; fileEncoding = 4; lastKnownFileType = text.script.sh; name = "select-compiler"; path = "../select-compiler"; sourceTree = SOURCE_ROOT; };
		4C760F031497E522002C9E27 /* upload_doc */ = {isa = PBXFileReference; fileEncoding = 4; lastKnownFileType = text.script.sh; name = upload_doc; path = ../upload_doc; sourceTree = SOURCE_ROOT; };
		4C760F201497E54C002C9E27 /* FCC.cpp */ = {isa = PBXFileReference; fileEncoding = 4; lastKnownFileType = sourcecode.cpp.cpp; path = FCC.cpp; sourceTree = "<group>"; };
		4C760F211497E54C002C9E27 /* FCC100.cpp */ = {isa = PBXFileReference; fileEncoding = 4; lastKnownFileType = sourcecode.cpp.cpp; path = FCC100.cpp; sourceTree = "<group>"; };
		4C760F221497E54C002C9E27 /* FCC111.cpp */ = {isa = PBXFileReference; fileEncoding = 4; lastKnownFileType = sourcecode.cpp.cpp; path = FCC111.cpp; sourceTree = "<group>"; };
		4C760F231497E54C002C9E27 /* Makefile */ = {isa = PBXFileReference; fileEncoding = 4; lastKnownFileType = sourcecode.make; path = Makefile; sourceTree = "<group>"; };
		4C760F241497E54C002C9E27 /* StructureDetector.cpp */ = {isa = PBXFileReference; fileEncoding = 4; lastKnownFileType = sourcecode.cpp.cpp; path = StructureDetector.cpp; sourceTree = "<group>"; };
		4C760F251497E54C002C9E27 /* sw.cpp */ = {isa = PBXFileReference; fileEncoding = 4; lastKnownFileType = sourcecode.cpp.cpp; path = sw.cpp; sourceTree = "<group>"; };
		4C760F261497E54C002C9E27 /* team.cpp */ = {isa = PBXFileReference; fileEncoding = 4; lastKnownFileType = sourcecode.cpp.cpp; path = team.cpp; sourceTree = "<group>"; };
		4C760F271497E54C002C9E27 /* VerletList.cpp */ = {isa = PBXFileReference; fileEncoding = 4; lastKnownFileType = sourcecode.cpp.cpp; path = VerletList.cpp; sourceTree = "<group>"; };
		4C760F281497E54C002C9E27 /* VerletListFull.cpp */ = {isa = PBXFileReference; fileEncoding = 4; lastKnownFileType = sourcecode.cpp.cpp; path = VerletListFull.cpp; sourceTree = "<group>"; };
		4C760F2A1497E54C002C9E27 /* atomgroup.cpp */ = {isa = PBXFileReference; fileEncoding = 4; lastKnownFileType = sourcecode.cpp.cpp; path = atomgroup.cpp; sourceTree = "<group>"; };
		4C760F2B1497E54C002C9E27 /* base.cpp */ = {isa = PBXFileReference; fileEncoding = 4; lastKnownFileType = sourcecode.cpp.cpp; path = base.cpp; sourceTree = "<group>"; };
		4C760F2C1497E54C002C9E27 /* comhandler.cpp */ = {isa = PBXFileReference; fileEncoding = 4; lastKnownFileType = sourcecode.cpp.cpp; path = comhandler.cpp; sourceTree = "<group>"; };
		4C760F2D1497E54C002C9E27 /* container.cpp */ = {isa = PBXFileReference; fileEncoding = 4; lastKnownFileType = sourcecode.cpp.cpp; path = container.cpp; sourceTree = "<group>"; };
		4C760F2E1497E54C002C9E27 /* gadget.cpp */ = {isa = PBXFileReference; fileEncoding = 4; lastKnownFileType = sourcecode.cpp.cpp; path = gadget.cpp; sourceTree = "<group>"; };
		4C760F2F1497E54C002C9E27 /* integrator.cpp */ = {isa = PBXFileReference; fileEncoding = 4; lastKnownFileType = sourcecode.cpp.cpp; path = integrator.cpp; sourceTree = "<group>"; };
		4C760F301497E54C002C9E27 /* Makefile */ = {isa = PBXFileReference; fileEncoding = 4; lastKnownFileType = sourcecode.make; path = Makefile; sourceTree = "<group>"; };
		4C760F311497E54C002C9E27 /* system.cpp */ = {isa = PBXFileReference; fileEncoding = 4; lastKnownFileType = sourcecode.cpp.cpp; path = system.cpp; sourceTree = "<group>"; };
		4C760F321497E54C002C9E27 /* systemgrid.cpp */ = {isa = PBXFileReference; fileEncoding = 4; lastKnownFileType = sourcecode.cpp.cpp; path = systemgrid.cpp; sourceTree = "<group>"; };
		4C760F341497E54C002C9E27 /* toolkit.cpp */ = {isa = PBXFileReference; fileEncoding = 4; lastKnownFileType = sourcecode.cpp.cpp; path = toolkit.cpp; sourceTree = "<group>"; };
		4C760F781497E568002C9E27 /* build.txt */ = {isa = PBXFileReference; fileEncoding = 4; lastKnownFileType = text; path = build.txt; sourceTree = "<group>"; };
		4C760F791497E568002C9E27 /* claimaux.txt */ = {isa = PBXFileReference; fileEncoding = 4; lastKnownFileType = text; path = claimaux.txt; sourceTree = "<group>"; };
		4C760F7A1497E568002C9E27 /* complete_example.txt */ = {isa = PBXFileReference; fileEncoding = 4; lastKnownFileType = text; path = complete_example.txt; sourceTree = "<group>"; };
		4C760F7B1497E568002C9E27 /* conditioner.txt */ = {isa = PBXFileReference; fileEncoding = 4; lastKnownFileType = text; path = conditioner.txt; sourceTree = "<group>"; };
		4C760F7C1497E568002C9E27 /* create_atom.txt */ = {isa = PBXFileReference; fileEncoding = 4; lastKnownFileType = text; path = create_atom.txt; sourceTree = "<group>"; };
		4C760F7D1497E568002C9E27 /* create_gadget.txt */ = {isa = PBXFileReference; fileEncoding = 4; lastKnownFileType = text; path = create_gadget.txt; sourceTree = "<group>"; };
		4C760F7E1497E568002C9E27 /* detector.txt */ = {isa = PBXFileReference; fileEncoding = 4; lastKnownFileType = text; path = detector.txt; sourceTree = "<group>"; };
		4C760F7F1497E568002C9E27 /* dox.cfg */ = {isa = PBXFileReference; fileEncoding = 4; lastKnownFileType = text; path = dox.cfg; sourceTree = "<group>"; };
		4C760F811497E568002C9E27 /* example.jpg */ = {isa = PBXFileReference; lastKnownFileType = image.jpeg; path = example.jpg; sourceTree = "<group>"; };
		4C760F821497E568002C9E27 /* omd-abl.jpg */ = {isa = PBXFileReference; lastKnownFileType = image.jpeg; path = "omd-abl.jpg"; sourceTree = "<group>"; };
		4C760F831497E568002C9E27 /* forcekernel.txt */ = {isa = PBXFileReference; fileEncoding = 4; lastKnownFileType = text; path = forcekernel.txt; sourceTree = "<group>"; };
		4C760F841497E568002C9E27 /* functable.txt */ = {isa = PBXFileReference; fileEncoding = 4; lastKnownFileType = text; path = functable.txt; sourceTree = "<group>"; };
		4C760F851497E568002C9E27 /* maindoc.txt */ = {isa = PBXFileReference; fileEncoding = 4; lastKnownFileType = text; path = maindoc.txt; sourceTree = "<group>"; };
		4C760F861497E568002C9E27 /* parallel.txt */ = {isa = PBXFileReference; fileEncoding = 4; lastKnownFileType = text; path = parallel.txt; sourceTree = "<group>"; };
		4C760F871497E568002C9E27 /* parameter.txt */ = {isa = PBXFileReference; fileEncoding = 4; lastKnownFileType = text; path = parameter.txt; sourceTree = "<group>"; };
		4C760F881497E568002C9E27 /* programflow.txt */ = {isa = PBXFileReference; fileEncoding = 4; lastKnownFileType = text; path = programflow.txt; sourceTree = "<group>"; };
		4C760F891497E568002C9E27 /* sim_setting.txt */ = {isa = PBXFileReference; fileEncoding = 4; lastKnownFileType = text; path = sim_setting.txt; sourceTree = "<group>"; };
		4C82F93914FE64A70027BF5C /* omdtool.h */ = {isa = PBXFileReference; fileEncoding = 4; lastKnownFileType = sourcecode.c.h; path = omdtool.h; sourceTree = "<group>"; };
		4C82F93A14FE64BA0027BF5C /* omdtool.cpp */ = {isa = PBXFileReference; fileEncoding = 4; lastKnownFileType = sourcecode.cpp.cpp; path = omdtool.cpp; sourceTree = "<group>"; };
		4C82F93B14FE64BA0027BF5C /* param.cpp */ = {isa = PBXFileReference; fileEncoding = 4; lastKnownFileType = sourcecode.cpp.cpp; path = param.cpp; sourceTree = "<group>"; };
		4C82F93C14FE64BA0027BF5C /* treader.cpp */ = {isa = PBXFileReference; fileEncoding = 4; lastKnownFileType = sourcecode.cpp.cpp; path = treader.cpp; sourceTree = "<group>"; };
		4C86022814FD19D800F6D500 /* fmmea.cpp */ = {isa = PBXFileReference; fileEncoding = 4; lastKnownFileType = sourcecode.cpp.cpp; path = fmmea.cpp; sourceTree = "<group>"; };
		4C86022A14FD19D800F6D500 /* README */ = {isa = PBXFileReference; fileEncoding = 4; lastKnownFileType = text; path = README; sourceTree = "<group>"; };
		4C86022B14FD19D800F6D500 /* Makefile */ = {isa = PBXFileReference; fileEncoding = 4; lastKnownFileType = sourcecode.make; path = Makefile; sourceTree = "<group>"; };
		4C86022E14FD19D800F6D500 /* eam-tb.cpp */ = {isa = PBXFileReference; fileEncoding = 4; lastKnownFileType = sourcecode.cpp.cpp; path = "eam-tb.cpp"; sourceTree = "<group>"; };
		4C86023414FD19D900F6D500 /* tab */ = {isa = PBXFileReference; fileEncoding = 4; lastKnownFileType = text; path = tab; sourceTree = "<group>"; };
		4C86023614FD19D900F6D500 /* Makefile */ = {isa = PBXFileReference; fileEncoding = 4; lastKnownFileType = sourcecode.make; path = Makefile; sourceTree = "<group>"; };
		4C86023914FD19D900F6D500 /* tab2omd */ = {isa = PBXFileReference; fileEncoding = 4; lastKnownFileType = text.script.sh; path = tab2omd; sourceTree = "<group>"; };
		4C86023C14FD19D900F6D500 /* omd.cpp */ = {isa = PBXFileReference; fileEncoding = 4; lastKnownFileType = sourcecode.cpp.cpp; path = omd.cpp; sourceTree = "<group>"; };
		4C91F15B14F9060E00B33F08 /* fdtd.cpp */ = {isa = PBXFileReference; fileEncoding = 4; lastKnownFileType = sourcecode.cpp.cpp; path = fdtd.cpp; sourceTree = "<group>"; };
		4CCD1BC514FD760200E27319 /* CoordClamp.h */ = {isa = PBXFileReference; fileEncoding = 4; lastKnownFileType = sourcecode.c.h; path = CoordClamp.h; sourceTree = "<group>"; };
		4CCD1BC614FD760200E27319 /* DynamicTimeStep.h */ = {isa = PBXFileReference; fileEncoding = 4; lastKnownFileType = sourcecode.c.h; path = DynamicTimeStep.h; sourceTree = "<group>"; };
		4CCD1BC714FD760200E27319 /* EnergySource.h */ = {isa = PBXFileReference; fileEncoding = 4; lastKnownFileType = sourcecode.c.h; path = EnergySource.h; sourceTree = "<group>"; };
		4CCD1BC814FD760200E27319 /* Field.h */ = {isa = PBXFileReference; fileEncoding = 4; lastKnownFileType = sourcecode.c.h; path = Field.h; sourceTree = "<group>"; };
		4CCD1BC914FD760200E27319 /* ForceDamper.h */ = {isa = PBXFileReference; fileEncoding = 4; lastKnownFileType = sourcecode.c.h; path = ForceDamper.h; sourceTree = "<group>"; };
		4CCD1BCA14FD760200E27319 /* ForceStopper.h */ = {isa = PBXFileReference; fileEncoding = 4; lastKnownFileType = sourcecode.c.h; path = ForceStopper.h; sourceTree = "<group>"; };
		4CCD1BCB14FD760200E27319 /* NonReflecting.h */ = {isa = PBXFileReference; fileEncoding = 4; lastKnownFileType = sourcecode.c.h; path = NonReflecting.h; sourceTree = "<group>"; };
		4CCD1BCC14FD760200E27319 /* ParticlePath.h */ = {isa = PBXFileReference; fileEncoding = 4; lastKnownFileType = sourcecode.c.h; path = ParticlePath.h; sourceTree = "<group>"; };
		4CCD1BCD14FD760200E27319 /* PotentialMinimizer.h */ = {isa = PBXFileReference; fileEncoding = 4; lastKnownFileType = sourcecode.c.h; path = PotentialMinimizer.h; sourceTree = "<group>"; };
		4CCD1BCE14FD760200E27319 /* Quencher.h */ = {isa = PBXFileReference; fileEncoding = 4; lastKnownFileType = sourcecode.c.h; path = Quencher.h; sourceTree = "<group>"; };
		4CCD1BCF14FD760200E27319 /* RangeLimiter.h */ = {isa = PBXFileReference; fileEncoding = 4; lastKnownFileType = sourcecode.c.h; path = RangeLimiter.h; sourceTree = "<group>"; };
		4CCD1BD014FD760200E27319 /* TempController.h */ = {isa = PBXFileReference; fileEncoding = 4; lastKnownFileType = sourcecode.c.h; path = TempController.h; sourceTree = "<group>"; };
		4CCD1BD114FD760200E27319 /* TTM_Diffusion.h */ = {isa = PBXFileReference; fileEncoding = 4; lastKnownFileType = sourcecode.c.h; path = TTM_Diffusion.h; sourceTree = "<group>"; };
		4CCD1BD314FD760200E27319 /* TTM_Homogen_SC.h */ = {isa = PBXFileReference; fileEncoding = 4; lastKnownFileType = sourcecode.c.h; path = TTM_Homogen_SC.h; sourceTree = "<group>"; };
		4CCD1BD414FD760200E27319 /* VerletList.h */ = {isa = PBXFileReference; fileEncoding = 4; lastKnownFileType = sourcecode.c.h; path = VerletList.h; sourceTree = "<group>"; };
		4CCD1BD514FD760200E27319 /* VerletListFull.h */ = {isa = PBXFileReference; fileEncoding = 4; lastKnownFileType = sourcecode.c.h; path = VerletListFull.h; sourceTree = "<group>"; };
		4CCD1BD714FD760200E27319 /* BCC100.h */ = {isa = PBXFileReference; fileEncoding = 4; lastKnownFileType = sourcecode.c.h; path = BCC100.h; sourceTree = "<group>"; };
		4CCD1BD814FD760200E27319 /* Crystalline.h */ = {isa = PBXFileReference; fileEncoding = 4; lastKnownFileType = sourcecode.c.h; path = Crystalline.h; sourceTree = "<group>"; };
		4CCD1BD914FD760200E27319 /* Diamond.h */ = {isa = PBXFileReference; fileEncoding = 4; lastKnownFileType = sourcecode.c.h; path = Diamond.h; sourceTree = "<group>"; };
		4CCD1BDA14FD760200E27319 /* FCC.h */ = {isa = PBXFileReference; fileEncoding = 4; lastKnownFileType = sourcecode.c.h; path = FCC.h; sourceTree = "<group>"; };
		4CCD1BDB14FD760200E27319 /* FCC100.h */ = {isa = PBXFileReference; fileEncoding = 4; lastKnownFileType = sourcecode.c.h; path = FCC100.h; sourceTree = "<group>"; };
		4CCD1BDC14FD760200E27319 /* FCC111.h */ = {isa = PBXFileReference; fileEncoding = 4; lastKnownFileType = sourcecode.c.h; path = FCC111.h; sourceTree = "<group>"; };
		4CCD1BDD14FD760200E27319 /* FreeAtom.h */ = {isa = PBXFileReference; fileEncoding = 4; lastKnownFileType = sourcecode.c.h; path = FreeAtom.h; sourceTree = "<group>"; };
		4CCD1BDE14FD760200E27319 /* Projectile.h */ = {isa = PBXFileReference; fileEncoding = 4; lastKnownFileType = sourcecode.c.h; path = Projectile.h; sourceTree = "<group>"; };
		4CCD1BE014FD760200E27319 /* DataDumper.h */ = {isa = PBXFileReference; fileEncoding = 4; lastKnownFileType = sourcecode.c.h; path = DataDumper.h; sourceTree = "<group>"; };
		4CCD1BE114FD760200E27319 /* LocalOrderParameter.h */ = {isa = PBXFileReference; fileEncoding = 4; lastKnownFileType = sourcecode.c.h; path = LocalOrderParameter.h; sourceTree = "<group>"; };
		4CCD1BE214FD760200E27319 /* RestartSaver.h */ = {isa = PBXFileReference; fileEncoding = 4; lastKnownFileType = sourcecode.c.h; path = RestartSaver.h; sourceTree = "<group>"; };
		4CCD1BE314FD760200E27319 /* StructureDetector.h */ = {isa = PBXFileReference; fileEncoding = 4; lastKnownFileType = sourcecode.c.h; path = StructureDetector.h; sourceTree = "<group>"; };
		4CCD1BE414FD760200E27319 /* StructureFactor.h */ = {isa = PBXFileReference; fileEncoding = 4; lastKnownFileType = sourcecode.c.h; path = StructureFactor.h; sourceTree = "<group>"; };
		4CCD1BE514FD760200E27319 /* SysMonitor.h */ = {isa = PBXFileReference; fileEncoding = 4; lastKnownFileType = sourcecode.c.h; path = SysMonitor.h; sourceTree = "<group>"; };
		4CCD1BE614FD760200E27319 /* ThermoDetector.h */ = {isa = PBXFileReference; fileEncoding = 4; lastKnownFileType = sourcecode.c.h; path = ThermoDetector.h; sourceTree = "<group>"; };
		4CCD1BE714FD760200E27319 /* TrajectoryWatcher.h */ = {isa = PBXFileReference; fileEncoding = 4; lastKnownFileType = sourcecode.c.h; path = TrajectoryWatcher.h; sourceTree = "<group>"; };
		4CCD1BE914FD760200E27319 /* fdtd.hpp */ = {isa = PBXFileReference; fileEncoding = 4; lastKnownFileType = sourcecode.cpp.h; path = fdtd.hpp; sourceTree = "<group>"; };
		4CCD1BEB14FD760200E27319 /* atomgroup.h */ = {isa = PBXFileReference; fileEncoding = 4; lastKnownFileType = sourcecode.c.h; path = atomgroup.h; sourceTree = "<group>"; };
		4CCD1BEC14FD760200E27319 /* base.h */ = {isa = PBXFileReference; fileEncoding = 4; lastKnownFileType = sourcecode.c.h; path = base.h; sourceTree = "<group>"; };
		4CCD1BED14FD760200E27319 /* comhandler.h */ = {isa = PBXFileReference; fileEncoding = 4; lastKnownFileType = sourcecode.c.h; path = comhandler.h; sourceTree = "<group>"; };
		4CCD1BEE14FD760200E27319 /* conditioner.h */ = {isa = PBXFileReference; fileEncoding = 4; lastKnownFileType = sourcecode.c.h; path = conditioner.h; sourceTree = "<group>"; };
		4CCD1BEF14FD760200E27319 /* config.h */ = {isa = PBXFileReference; fileEncoding = 4; lastKnownFileType = sourcecode.c.h; path = config.h; sourceTree = "<group>"; };
		4CCD1BF014FD760200E27319 /* container.h */ = {isa = PBXFileReference; fileEncoding = 4; lastKnownFileType = sourcecode.c.h; path = container.h; sourceTree = "<group>"; };
		4CCD1BF114FD760200E27319 /* conversion.h */ = {isa = PBXFileReference; fileEncoding = 4; lastKnownFileType = sourcecode.c.h; path = conversion.h; sourceTree = "<group>"; };
		4CCD1BF214FD760200E27319 /* dataslot.h */ = {isa = PBXFileReference; fileEncoding = 4; lastKnownFileType = sourcecode.c.h; path = dataslot.h; sourceTree = "<group>"; };
		4CCD1BF314FD760200E27319 /* detector.h */ = {isa = PBXFileReference; fileEncoding = 4; lastKnownFileType = sourcecode.c.h; path = detector.h; sourceTree = "<group>"; };
		4CCD1BF414FD760200E27319 /* forcekernel.h */ = {isa = PBXFileReference; fileEncoding = 4; lastKnownFileType = sourcecode.c.h; path = forcekernel.h; sourceTree = "<group>"; };
		4CCD1BF514FD760200E27319 /* gadget.h */ = {isa = PBXFileReference; fileEncoding = 4; lastKnownFileType = sourcecode.c.h; path = gadget.h; sourceTree = "<group>"; };
		4CCD1BF614FD760200E27319 /* integrator.h */ = {isa = PBXFileReference; fileEncoding = 4; lastKnownFileType = sourcecode.c.h; path = integrator.h; sourceTree = "<group>"; };
		4CCD1BF714FD760200E27319 /* iterator.h */ = {isa = PBXFileReference; fileEncoding = 4; lastKnownFileType = sourcecode.c.h; path = iterator.h; sourceTree = "<group>"; };
		4CCD1BF814FD760200E27319 /* paragadget.h */ = {isa = PBXFileReference; fileEncoding = 4; lastKnownFileType = sourcecode.c.h; path = paragadget.h; sourceTree = "<group>"; };
		4CCD1BF914FD760200E27319 /* param.h */ = {isa = PBXFileReference; fileEncoding = 4; lastKnownFileType = sourcecode.c.h; path = param.h; sourceTree = "<group>"; };
		4CCD1BFA14FD760200E27319 /* system.h */ = {isa = PBXFileReference; fileEncoding = 4; lastKnownFileType = sourcecode.c.h; path = system.h; sourceTree = "<group>"; };
		4CCD1BFB14FD760200E27319 /* systemgrid.h */ = {isa = PBXFileReference; fileEncoding = 4; lastKnownFileType = sourcecode.c.h; path = systemgrid.h; sourceTree = "<group>"; };
		4CCD1BFC14FD760200E27319 /* toolkit.h */ = {isa = PBXFileReference; fileEncoding = 4; lastKnownFileType = sourcecode.c.h; path = toolkit.h; sourceTree = "<group>"; };
		4CCD1BFD14FD760200E27319 /* treader.h */ = {isa = PBXFileReference; fileEncoding = 4; lastKnownFileType = sourcecode.c.h; path = treader.h; sourceTree = "<group>"; };
		4CCD1BFE14FD760200E27319 /* unit.h */ = {isa = PBXFileReference; fileEncoding = 4; lastKnownFileType = sourcecode.c.h; path = unit.h; sourceTree = "<group>"; };
		4CCD1BFF14FD760200E27319 /* omd.h */ = {isa = PBXFileReference; fileEncoding = 4; lastKnownFileType = sourcecode.c.h; path = omd.h; sourceTree = "<group>"; };
		4CCD1C0114FD760200E27319 /* DummyForce.h */ = {isa = PBXFileReference; fileEncoding = 4; lastKnownFileType = sourcecode.c.h; path = DummyForce.h; sourceTree = "<group>"; };
		4CCD1C0214FD760200E27319 /* morse.h */ = {isa = PBXFileReference; fileEncoding = 4; lastKnownFileType = sourcecode.c.h; path = morse.h; sourceTree = "<group>"; };
		4CCD1C0314FD760200E27319 /* quadratic.h */ = {isa = PBXFileReference; fileEncoding = 4; lastKnownFileType = sourcecode.c.h; path = quadratic.h; sourceTree = "<group>"; };
		4CCD1C0414FD760200E27319 /* sw.h */ = {isa = PBXFileReference; fileEncoding = 4; lastKnownFileType = sourcecode.c.h; path = sw.h; sourceTree = "<group>"; };
		4CCD1C0514FD760200E27319 /* team.h */ = {isa = PBXFileReference; fileEncoding = 4; lastKnownFileType = sourcecode.c.h; path = team.h; sourceTree = "<group>"; };
		4CCD1C0614FD760200E27319 /* tersoff.h */ = {isa = PBXFileReference; fileEncoding = 4; lastKnownFileType = sourcecode.c.h; path = tersoff.h; sourceTree = "<group>"; };
		4CCD1C0714FD760200E27319 /* tpair.h */ = {isa = PBXFileReference; fileEncoding = 4; lastKnownFileType = sourcecode.c.h; path = tpair.h; sourceTree = "<group>"; };
		4CCD1C0814FD760200E27319 /* zbl.h */ = {isa = PBXFileReference; fileEncoding = 4; lastKnownFileType = sourcecode.c.h; path = zbl.h; sourceTree = "<group>"; };
/* End PBXFileReference section */

/* Begin PBXGroup section */
		08FB7794FE84155DC02AAC07 /* omd */ = {
			isa = PBXGroup;
			children = (
				4CCD1BC314FD760200E27319 /* include */,
				4C760F771497E568002C9E27 /* doc */,
				4C760F051497E54C002C9E27 /* src */,
				4C760F041497E52A002C9E27 /* compiler scripts */,
			);
			name = omd;
			sourceTree = "<group>";
		};
		4C760F041497E52A002C9E27 /* compiler scripts */ = {
			isa = PBXGroup;
			children = (
				4C760EFC1497E522002C9E27 /* compiler-list */,
				4C760EFD1497E522002C9E27 /* config.make */,
				4C760EFE1497E522002C9E27 /* install.sh */,
				4C760EFF1497E522002C9E27 /* ISSUE */,
				4C760F001497E522002C9E27 /* license.txt */,
				4C760F011497E522002C9E27 /* Makefile */,
				4C760F021497E522002C9E27 /* select-compiler */,
				4C760F031497E522002C9E27 /* upload_doc */,
			);
			name = "compiler scripts";
			sourceTree = "<group>";
		};
		4C760F051497E54C002C9E27 /* src */ = {
			isa = PBXGroup;
			children = (
				4C86022214FD19D800F6D500 /* app */,
				4C760F1F1497E54C002C9E27 /* gadget */,
				4C760F291497E54C002C9E27 /* omd */,
			);
			name = src;
			path = ../src;
			sourceTree = SOURCE_ROOT;
		};
		4C760F1F1497E54C002C9E27 /* gadget */ = {
			isa = PBXGroup;
			children = (
				4C760F201497E54C002C9E27 /* FCC.cpp */,
				4C760F211497E54C002C9E27 /* FCC100.cpp */,
				4C760F221497E54C002C9E27 /* FCC111.cpp */,
				4C760F231497E54C002C9E27 /* Makefile */,
				4C760F241497E54C002C9E27 /* StructureDetector.cpp */,
				4C760F251497E54C002C9E27 /* sw.cpp */,
				4C760F261497E54C002C9E27 /* team.cpp */,
				4C760F271497E54C002C9E27 /* VerletList.cpp */,
				4C760F281497E54C002C9E27 /* VerletListFull.cpp */,
			);
			path = gadget;
			sourceTree = "<group>";
		};
		4C760F291497E54C002C9E27 /* omd */ = {
			isa = PBXGroup;
			children = (
				4C82F93A14FE64BA0027BF5C /* omdtool.cpp */,
				4C82F93B14FE64BA0027BF5C /* param.cpp */,
				4C82F93C14FE64BA0027BF5C /* treader.cpp */,
				4C91F15B14F9060E00B33F08 /* fdtd.cpp */,
				4C760F2A1497E54C002C9E27 /* atomgroup.cpp */,
				4C760F2B1497E54C002C9E27 /* base.cpp */,
				4C760F2C1497E54C002C9E27 /* comhandler.cpp */,
				4C760F2D1497E54C002C9E27 /* container.cpp */,
				4C760F2E1497E54C002C9E27 /* gadget.cpp */,
				4C760F2F1497E54C002C9E27 /* integrator.cpp */,
				4C760F301497E54C002C9E27 /* Makefile */,
				4C760F311497E54C002C9E27 /* system.cpp */,
				4C760F321497E54C002C9E27 /* systemgrid.cpp */,
				4C760F341497E54C002C9E27 /* toolkit.cpp */,
			);
			path = omd;
			sourceTree = "<group>";
		};
		4C760F771497E568002C9E27 /* doc */ = {
			isa = PBXGroup;
			children = (
				4C760F781497E568002C9E27 /* build.txt */,
				4C760F791497E568002C9E27 /* claimaux.txt */,
				4C760F7A1497E568002C9E27 /* complete_example.txt */,
				4C760F7B1497E568002C9E27 /* conditioner.txt */,
				4C760F7C1497E568002C9E27 /* create_atom.txt */,
				4C760F7D1497E568002C9E27 /* create_gadget.txt */,
				4C760F7E1497E568002C9E27 /* detector.txt */,
				4C760F7F1497E568002C9E27 /* dox.cfg */,
				4C760F801497E568002C9E27 /* fig */,
				4C760F831497E568002C9E27 /* forcekernel.txt */,
				4C760F841497E568002C9E27 /* functable.txt */,
				4C760F851497E568002C9E27 /* maindoc.txt */,
				4C760F861497E568002C9E27 /* parallel.txt */,
				4C760F871497E568002C9E27 /* parameter.txt */,
				4C760F881497E568002C9E27 /* programflow.txt */,
				4C760F891497E568002C9E27 /* sim_setting.txt */,
			);
			name = doc;
			path = ../doc;
			sourceTree = SOURCE_ROOT;
		};
		4C760F801497E568002C9E27 /* fig */ = {
			isa = PBXGroup;
			children = (
				4C760F811497E568002C9E27 /* example.jpg */,
				4C760F821497E568002C9E27 /* omd-abl.jpg */,
			);
			path = fig;
			sourceTree = "<group>";
		};
		4C86022214FD19D800F6D500 /* app */ = {
			isa = PBXGroup;
			children = (
				4C86022314FD19D800F6D500 /* potentials */,
				4C86023B14FD19D900F6D500 /* omd-con */,
			);
			path = app;
			sourceTree = "<group>";
		};
		4C86022314FD19D800F6D500 /* potentials */ = {
			isa = PBXGroup;
			children = (
				4C86022414FD19D800F6D500 /* fmmea */,
				4C86022C14FD19D800F6D500 /* eam */,
				4C86023714FD19D900F6D500 /* lennard-jones */,
			);
			path = potentials;
			sourceTree = "<group>";
		};
		4C86022414FD19D800F6D500 /* fmmea */ = {
			isa = PBXGroup;
			children = (
				4C86022814FD19D800F6D500 /* fmmea.cpp */,
				4C86022A14FD19D800F6D500 /* README */,
				4C86022B14FD19D800F6D500 /* Makefile */,
			);
			path = fmmea;
			sourceTree = "<group>";
		};
		4C86022C14FD19D800F6D500 /* eam */ = {
			isa = PBXGroup;
			children = (
				4C86022E14FD19D800F6D500 /* eam-tb.cpp */,
				4C86023414FD19D900F6D500 /* tab */,
				4C86023614FD19D900F6D500 /* Makefile */,
			);
			path = eam;
			sourceTree = "<group>";
		};
		4C86023714FD19D900F6D500 /* lennard-jones */ = {
			isa = PBXGroup;
			children = (
				4C86023914FD19D900F6D500 /* tab2omd */,
			);
			path = "lennard-jones";
			sourceTree = "<group>";
		};
		4C86023B14FD19D900F6D500 /* omd-con */ = {
			isa = PBXGroup;
			children = (
				4C6B20F514FF7552003875DE /* omd-parameter */,
				4C86023C14FD19D900F6D500 /* omd.cpp */,
			);
			path = "omd-con";
			sourceTree = "<group>";
		};
		4CCD1BC314FD760200E27319 /* include */ = {
			isa = PBXGroup;
			children = (
				4CCD1BC414FD760200E27319 /* conditioner */,
				4CCD1BD614FD760200E27319 /* crystal */,
				4CCD1BDF14FD760200E27319 /* detector */,
				4CCD1BE814FD760200E27319 /* misc */,
				4CCD1BEA14FD760200E27319 /* omd */,
				4CCD1BFF14FD760200E27319 /* omd.h */,
				4CCD1C0014FD760200E27319 /* potential */,
			);
			name = include;
			path = ../include;
			sourceTree = SOURCE_ROOT;
		};
		4CCD1BC414FD760200E27319 /* conditioner */ = {
			isa = PBXGroup;
			children = (
				4CCD1BC514FD760200E27319 /* CoordClamp.h */,
				4CCD1BC614FD760200E27319 /* DynamicTimeStep.h */,
				4CCD1BC714FD760200E27319 /* EnergySource.h */,
				4CCD1BC814FD760200E27319 /* Field.h */,
				4CCD1BC914FD760200E27319 /* ForceDamper.h */,
				4CCD1BCA14FD760200E27319 /* ForceStopper.h */,
				4CCD1BCB14FD760200E27319 /* NonReflecting.h */,
				4CCD1BCC14FD760200E27319 /* ParticlePath.h */,
				4CCD1BCD14FD760200E27319 /* PotentialMinimizer.h */,
				4CCD1BCE14FD760200E27319 /* Quencher.h */,
				4CCD1BCF14FD760200E27319 /* RangeLimiter.h */,
				4CCD1BD014FD760200E27319 /* TempController.h */,
				4CCD1BD114FD760200E27319 /* TTM_Diffusion.h */,
				4CCD1BD314FD760200E27319 /* TTM_Homogen_SC.h */,
				4CCD1BD414FD760200E27319 /* VerletList.h */,
				4CCD1BD514FD760200E27319 /* VerletListFull.h */,
			);
			path = conditioner;
			sourceTree = "<group>";
		};
		4CCD1BD614FD760200E27319 /* crystal */ = {
			isa = PBXGroup;
			children = (
				4CCD1BD714FD760200E27319 /* BCC100.h */,
				4CCD1BD814FD760200E27319 /* Crystalline.h */,
				4CCD1BD914FD760200E27319 /* Diamond.h */,
				4CCD1BDA14FD760200E27319 /* FCC.h */,
				4CCD1BDB14FD760200E27319 /* FCC100.h */,
				4CCD1BDC14FD760200E27319 /* FCC111.h */,
				4CCD1BDD14FD760200E27319 /* FreeAtom.h */,
				4CCD1BDE14FD760200E27319 /* Projectile.h */,
			);
			path = crystal;
			sourceTree = "<group>";
		};
		4CCD1BDF14FD760200E27319 /* detector */ = {
			isa = PBXGroup;
			children = (
				4CCD1BE014FD760200E27319 /* DataDumper.h */,
				4CCD1BE114FD760200E27319 /* LocalOrderParameter.h */,
				4CCD1BE214FD760200E27319 /* RestartSaver.h */,
				4CCD1BE314FD760200E27319 /* StructureDetector.h */,
				4CCD1BE414FD760200E27319 /* StructureFactor.h */,
				4CCD1BE514FD760200E27319 /* SysMonitor.h */,
				4CCD1BE614FD760200E27319 /* ThermoDetector.h */,
				4CCD1BE714FD760200E27319 /* TrajectoryWatcher.h */,
			);
			path = detector;
			sourceTree = "<group>";
		};
		4CCD1BE814FD760200E27319 /* misc */ = {
			isa = PBXGroup;
			children = (
				4CCD1BE914FD760200E27319 /* fdtd.hpp */,
			);
			path = misc;
			sourceTree = "<group>";
		};
		4CCD1BEA14FD760200E27319 /* omd */ = {
			isa = PBXGroup;
			children = (
				4C82F93914FE64A70027BF5C /* omdtool.h */,
				4CCD1BEB14FD760200E27319 /* atomgroup.h */,
				4CCD1BEC14FD760200E27319 /* base.h */,
				4CCD1BED14FD760200E27319 /* comhandler.h */,
				4CCD1BEE14FD760200E27319 /* conditioner.h */,
				4CCD1BEF14FD760200E27319 /* config.h */,
				4CCD1BF014FD760200E27319 /* container.h */,
				4CCD1BF114FD760200E27319 /* conversion.h */,
				4CCD1BF214FD760200E27319 /* dataslot.h */,
				4CCD1BF314FD760200E27319 /* detector.h */,
				4CCD1BF414FD760200E27319 /* forcekernel.h */,
				4CCD1BF514FD760200E27319 /* gadget.h */,
				4CCD1BF614FD760200E27319 /* integrator.h */,
				4CCD1BF714FD760200E27319 /* iterator.h */,
				4CCD1BF814FD760200E27319 /* paragadget.h */,
				4CCD1BF914FD760200E27319 /* param.h */,
				4CCD1BFA14FD760200E27319 /* system.h */,
				4CCD1BFB14FD760200E27319 /* systemgrid.h */,
				4CCD1BFC14FD760200E27319 /* toolkit.h */,
				4CCD1BFD14FD760200E27319 /* treader.h */,
				4CCD1BFE14FD760200E27319 /* unit.h */,
			);
			path = omd;
			sourceTree = "<group>";
		};
		4CCD1C0014FD760200E27319 /* potential */ = {
			isa = PBXGroup;
			children = (
				4CCD1C0114FD760200E27319 /* DummyForce.h */,
				4CCD1C0214FD760200E27319 /* morse.h */,
				4CCD1C0314FD760200E27319 /* quadratic.h */,
				4CCD1C0414FD760200E27319 /* sw.h */,
				4CCD1C0514FD760200E27319 /* team.h */,
				4CCD1C0614FD760200E27319 /* tersoff.h */,
				4CCD1C0714FD760200E27319 /* tpair.h */,
				4CCD1C0814FD760200E27319 /* zbl.h */,
			);
			path = potential;
			sourceTree = "<group>";
		};
/* End PBXGroup section */

/* Begin PBXLegacyTarget section */
		D28A88AD04BDD90700651E21 /* omd */ = {
			isa = PBXLegacyTarget;
			buildArgumentsString = "$(ACTION)";
			buildConfigurationList = 1DEB918F08733D9F0010E9CD /* Build configuration list for PBXLegacyTarget "omd" */;
			buildPhases = (
			);
			buildToolPath = /usr/bin/make;
			dependencies = (
			);
			name = omd;
			passBuildSettingsInEnvironment = 1;
			productName = omd;
		};
/* End PBXLegacyTarget section */

/* Begin PBXProject section */
		08FB7793FE84155DC02AAC07 /* Project object */ = {
			isa = PBXProject;
			buildConfigurationList = 1DEB919308733D9F0010E9CD /* Build configuration list for PBXProject "omd" */;
			compatibilityVersion = "Xcode 3.1";
			developmentRegion = English;
			hasScannedForEncodings = 1;
			knownRegions = (
				English,
				Japanese,
				French,
				German,
			);
			mainGroup = 08FB7794FE84155DC02AAC07 /* omd */;
			projectDirPath = "";
			projectRoot = "";
			targets = (
				D28A88AD04BDD90700651E21 /* omd */,
			);
		};
/* End PBXProject section */

/* Begin XCBuildConfiguration section */
		1DEB919008733D9F0010E9CD /* Debug */ = {
			isa = XCBuildConfiguration;
			buildSettings = {
				COPY_PHASE_STRIP = NO;
				DEBUGGING_SYMBOLS = YES;
				GCC_DYNAMIC_NO_PIC = NO;
				GCC_ENABLE_FIX_AND_CONTINUE = YES;
				GCC_GENERATE_DEBUGGING_SYMBOLS = YES;
				GCC_OPTIMIZATION_LEVEL = 0;
				OTHER_CFLAGS = "";
				OTHER_LDFLAGS = "";
				PRODUCT_NAME = omd;
			};
			name = Debug;
		};
		1DEB919108733D9F0010E9CD /* Release */ = {
			isa = XCBuildConfiguration;
			buildSettings = {
				COPY_PHASE_STRIP = YES;
				GCC_ENABLE_FIX_AND_CONTINUE = NO;
				OTHER_CFLAGS = "";
				OTHER_LDFLAGS = "";
				PRODUCT_NAME = omd;
			};
			name = Release;
		};
		1DEB919408733D9F0010E9CD /* Debug */ = {
			isa = XCBuildConfiguration;
			buildSettings = {
				ARCHS = "$(ARCHS_STANDARD_32_BIT)";
				GCC_WARN_ABOUT_RETURN_TYPE = YES;
				GCC_WARN_UNUSED_VARIABLE = YES;
				ONLY_ACTIVE_ARCH = YES;
				PREBINDING = NO;
				SDKROOT = macosx10.6;
			};
			name = Debug;
		};
		1DEB919508733D9F0010E9CD /* Release */ = {
			isa = XCBuildConfiguration;
			buildSettings = {
				ARCHS = "$(ARCHS_STANDARD_32_BIT)";
				GCC_WARN_ABOUT_RETURN_TYPE = YES;
				GCC_WARN_UNUSED_VARIABLE = YES;
				PREBINDING = NO;
				SDKROOT = macosx10.6;
			};
			name = Release;
		};
/* End XCBuildConfiguration section */

/* Begin XCConfigurationList section */
		1DEB918F08733D9F0010E9CD /* Build configuration list for PBXLegacyTarget "omd" */ = {
			isa = XCConfigurationList;
			buildConfigurations = (
				1DEB919008733D9F0010E9CD /* Debug */,
				1DEB919108733D9F0010E9CD /* Release */,
			);
			defaultConfigurationIsVisible = 0;
			defaultConfigurationName = Release;
		};
		1DEB919308733D9F0010E9CD /* Build configuration list for PBXProject "omd" */ = {
			isa = XCConfigurationList;
			buildConfigurations = (
				1DEB919408733D9F0010E9CD /* Debug */,
				1DEB919508733D9F0010E9CD /* Release */,
			);
			defaultConfigurationIsVisible = 0;
			defaultConfigurationName = Release;
		};
/* End XCConfigurationList section */
	};
	rootObject = 08FB7793FE84155DC02AAC07 /* Project object */;
}
